
Microsoft Visual Studio Solution File, Format Version 12.00
# Visual Studio Version 17
VisualStudioVersion = 17.0.32126.317
MinimumVisualStudioVersion = 10.0.40219.1
Project("{FAE04EC0-301F-11D3-BF4B-00C04F79EFBC}") = "HelloWorld", "HelloWorld.csproj", "{159B7FE4-BC2F-4574-8560-59C1DBC452F8}"
EndProject
Global
	GlobalSection(SolutionConfigurationPlatforms) = preSolution
		Debug|Any CPU = Debug|Any CPU
		Release|Any CPU = Release|Any CPU
	EndGlobalSection
	GlobalSection(ProjectConfigurationPlatforms) = postSolution
		{159B7FE4-BC2F-4574-8560-59C1DBC452F8}.Debug|Any CPU.ActiveCfg = Debug|Any CPU
		{159B7FE4-BC2F-4574-8560-59C1DBC452F8}.Debug|Any CPU.Build.0 = Debug|Any CPU
		{159B7FE4-BC2F-4574-8560-59C1DBC452F8}.Release|Any CPU.ActiveCfg = Release|Any CPU
		{159B7FE4-BC2F-4574-8560-59C1DBC452F8}.Release|Any CPU.Build.0 = Release|Any CPU
	EndGlobalSection
	GlobalSection(SolutionProperties) = preSolution
		HideSolutionNode = FALSE
	EndGlobalSection
	GlobalSection(ExtensibilityGlobals) = postSolution
		SolutionGuid = {D00262DA-499D-4074-83DC-C0D54B88CD0E}
	EndGlobalSection
EndGlobal
